
Microsoft Visual Studio Solution File, Format Version 12.00
# Visual Studio Version 17
VisualStudioVersion = 17.2.32505.173
MinimumVisualStudioVersion = 10.0.40219.1
Project("{FAE04EC0-301F-11D3-BF4B-00C04F79EFBC}") = "Login_Backend", "Login_Backend\Login_Backend.csproj", "{569334E9-968B-4B49-B7AF-9A37491B37CB}"
EndProject
Global
	GlobalSection(SolutionConfigurationPlatforms) = preSolution
		Debug|Any CPU = Debug|Any CPU
		Release|Any CPU = Release|Any CPU
	EndGlobalSection
	GlobalSection(ProjectConfigurationPlatforms) = postSolution
		{569334E9-968B-4B49-B7AF-9A37491B37CB}.Debug|Any CPU.ActiveCfg = Debug|Any CPU
		{569334E9-968B-4B49-B7AF-9A37491B37CB}.Debug|Any CPU.Build.0 = Debug|Any CPU
		{569334E9-968B-4B49-B7AF-9A37491B37CB}.Release|Any CPU.ActiveCfg = Release|Any CPU
		{569334E9-968B-4B49-B7AF-9A37491B37CB}.Release|Any CPU.Build.0 = Release|Any CPU
	EndGlobalSection
	GlobalSection(SolutionProperties) = preSolution
		HideSolutionNode = FALSE
	EndGlobalSection
	GlobalSection(ExtensibilityGlobals) = postSolution
		SolutionGuid = {D14BAC2F-6C47-436C-AB0A-F5C9FEA27529}
	EndGlobalSection
EndGlobal
